
Microsoft Visual Studio Solution File, Format Version 12.00
# Visual Studio 14
VisualStudioVersion = 14.0.23107.0
MinimumVisualStudioVersion = 10.0.40219.1
Project("{FAE04EC0-301F-11D3-BF4B-00C04F79EFBC}") = "TempClasses", "TempClasses\TempClasses.csproj", "{F1EEF804-DEB9-4A81-B7F1-EC24FE3E5580}"
EndProject
Project("{FAE04EC0-301F-11D3-BF4B-00C04F79EFBC}") = "RootNth", "RootNth\RootNth.csproj", "{DFA486BF-A0F7-4875-9BE4-A5B2793E4917}"
EndProject
Project("{FAE04EC0-301F-11D3-BF4B-00C04F79EFBC}") = "JaggedMassSort", "JaggedMassSort\JaggedMassSort.csproj", "{912A1709-CC93-45F0-B390-1BB88D18DEDE}"
EndProject
Project("{FAE04EC0-301F-11D3-BF4B-00C04F79EFBC}") = "Tester", "Tester\Tester.csproj", "{163FA198-3A2B-43F3-860D-83B753EF402D}"
EndProject
Global
	GlobalSection(SolutionConfigurationPlatforms) = preSolution
		Debug|Any CPU = Debug|Any CPU
		Release|Any CPU = Release|Any CPU
	EndGlobalSection
	GlobalSection(ProjectConfigurationPlatforms) = postSolution
		{F1EEF804-DEB9-4A81-B7F1-EC24FE3E5580}.Debug|Any CPU.ActiveCfg = Debug|Any CPU
		{F1EEF804-DEB9-4A81-B7F1-EC24FE3E5580}.Debug|Any CPU.Build.0 = Debug|Any CPU
		{F1EEF804-DEB9-4A81-B7F1-EC24FE3E5580}.Release|Any CPU.ActiveCfg = Release|Any CPU
		{F1EEF804-DEB9-4A81-B7F1-EC24FE3E5580}.Release|Any CPU.Build.0 = Release|Any CPU
		{DFA486BF-A0F7-4875-9BE4-A5B2793E4917}.Debug|Any CPU.ActiveCfg = Debug|Any CPU
		{DFA486BF-A0F7-4875-9BE4-A5B2793E4917}.Debug|Any CPU.Build.0 = Debug|Any CPU
		{DFA486BF-A0F7-4875-9BE4-A5B2793E4917}.Release|Any CPU.ActiveCfg = Release|Any CPU
		{DFA486BF-A0F7-4875-9BE4-A5B2793E4917}.Release|Any CPU.Build.0 = Release|Any CPU
		{912A1709-CC93-45F0-B390-1BB88D18DEDE}.Debug|Any CPU.ActiveCfg = Debug|Any CPU
		{912A1709-CC93-45F0-B390-1BB88D18DEDE}.Debug|Any CPU.Build.0 = Debug|Any CPU
		{912A1709-CC93-45F0-B390-1BB88D18DEDE}.Release|Any CPU.ActiveCfg = Release|Any CPU
		{912A1709-CC93-45F0-B390-1BB88D18DEDE}.Release|Any CPU.Build.0 = Release|Any CPU
		{163FA198-3A2B-43F3-860D-83B753EF402D}.Debug|Any CPU.ActiveCfg = Debug|Any CPU
		{163FA198-3A2B-43F3-860D-83B753EF402D}.Debug|Any CPU.Build.0 = Debug|Any CPU
		{163FA198-3A2B-43F3-860D-83B753EF402D}.Release|Any CPU.ActiveCfg = Release|Any CPU
		{163FA198-3A2B-43F3-860D-83B753EF402D}.Release|Any CPU.Build.0 = Release|Any CPU
	EndGlobalSection
	GlobalSection(SolutionProperties) = preSolution
		HideSolutionNode = FALSE
	EndGlobalSection
EndGlobal
